
Microsoft Visual Studio Solution File, Format Version 12.00
# Visual Studio Version 17
VisualStudioVersion = 17.11.35327.3
MinimumVisualStudioVersion = 10.0.40219.1
Project("{2150E333-8FDC-42A3-9474-1A3956D46DE8}") = "Task0", "Task0", "{847CF9E6-F47E-4E0F-B4D0-8E139B32C821}"
EndProject
Project("{9A19103F-16F7-4668-BE54-9A1E7A4F7556}") = "Tyuiu.ShanginAA.Sprint4.Task0.V5", "Tyuiu.ShanginAA.Sprint4.Task0.V5\Tyuiu.ShanginAA.Sprint4.Task0.V5.csproj", "{6702A579-1318-429B-8880-EE2911F1D655}"
EndProject
Project("{9A19103F-16F7-4668-BE54-9A1E7A4F7556}") = "Tyuiu.ShanginAA.Sprint4.Task0.V5.Lib", "Tyuiu.ShanginAA.Sprint4.Task0.V5.Lib\Tyuiu.ShanginAA.Sprint4.Task0.V5.Lib.csproj", "{A42479E0-2B86-47B0-951A-197245F35BEE}"
EndProject
Project("{9A19103F-16F7-4668-BE54-9A1E7A4F7556}") = "Tyuiu.ShanginAA.Sprint4.Task0.V5.Test", "Tyuiu.ShanginAA.Sprint4.Task0.V5.Test\Tyuiu.ShanginAA.Sprint4.Task0.V5.Test.csproj", "{F9D9D457-C0A0-4400-8DBC-D578A2F40B80}"
EndProject
Project("{2150E333-8FDC-42A3-9474-1A3956D46DE8}") = "Task1", "Task1", "{D53533EA-735B-4FD8-B184-2AD7FCADCCD3}"
EndProject
Project("{2150E333-8FDC-42A3-9474-1A3956D46DE8}") = "Task2", "Task2", "{4C97854E-0059-4EDA-9D6C-849223E12B5A}"
EndProject
Project("{9A19103F-16F7-4668-BE54-9A1E7A4F7556}") = "Tyuiu.ShanginAA.Sprint4.Task1.V18", "Tyuiu.ShanginAA.Sprint4.Task1.V18\Tyuiu.ShanginAA.Sprint4.Task1.V18.csproj", "{6E538485-FB51-4C80-85D0-0115D5A9E1A7}"
EndProject
Project("{9A19103F-16F7-4668-BE54-9A1E7A4F7556}") = "Tyuiu.ShanginAA.Sprint4.Task1.V18.Lib", "Tyuiu.ShanginAA.Sprint4.Task1.V18.Lib\Tyuiu.ShanginAA.Sprint4.Task1.V18.Lib.csproj", "{BC018FB8-D38B-42D5-92D6-14A5F530D912}"
EndProject
Project("{9A19103F-16F7-4668-BE54-9A1E7A4F7556}") = "Tyuiu.ShanginAA.Sprint4.Task1.V18.Test", "Tyuiu.ShanginAA.Sprint4.Task1.V18.Test\Tyuiu.ShanginAA.Sprint4.Task1.V18.Test.csproj", "{CD0F5AC7-F888-479E-A15A-F014E8B21EE2}"
EndProject
Project("{9A19103F-16F7-4668-BE54-9A1E7A4F7556}") = "Tyuiu.ShanginAA.Sprint4.Task2.V24", "Tyuiu.ShanginAA.Sprint4.Task2.V24\Tyuiu.ShanginAA.Sprint4.Task2.V24.csproj", "{4EA10483-9615-438D-9916-EBCB74DA6822}"
EndProject
Project("{9A19103F-16F7-4668-BE54-9A1E7A4F7556}") = "Tyuiu.ShanginAA.Sprint4.Task2.V24.Lib", "Tyuiu.ShanginAA.Sprint4.Task2.V24.Lib\Tyuiu.ShanginAA.Sprint4.Task2.V24.Lib.csproj", "{CDD509DA-02B1-4894-951C-CAF6D025B675}"
EndProject
Project("{9A19103F-16F7-4668-BE54-9A1E7A4F7556}") = "Tyuiu.ShanginAA.Sprint4.Task2.V24.Test", "Tyuiu.ShanginAA.Sprint4.Task2.V24.Test\Tyuiu.ShanginAA.Sprint4.Task2.V24.Test.csproj", "{3DE12960-56DB-4AF8-A9B9-8E0D47EFBBC4}"
EndProject
Project("{2150E333-8FDC-42A3-9474-1A3956D46DE8}") = "Task3", "Task3", "{B1D064CD-30EC-47DE-8E0E-D9B18250B9A2}"
EndProject
Project("{9A19103F-16F7-4668-BE54-9A1E7A4F7556}") = "Tyuiu.ShanginAA.Sprint4.Task3.V17", "Tyuiu.ShanginAA.Sprint4.Task3.V17\Tyuiu.ShanginAA.Sprint4.Task3.V17.csproj", "{01DA56F5-DCF1-47A4-92A6-687F4645E665}"
EndProject
Project("{9A19103F-16F7-4668-BE54-9A1E7A4F7556}") = "Tyuiu.ShanginAA.Sprint4.Task3.V17.Lib", "Tyuiu.ShanginAA.Sprint4.Task3.V17.Lib\Tyuiu.ShanginAA.Sprint4.Task3.V17.Lib.csproj", "{A67F240A-1AD0-4A6A-B7BA-9645F2B90E75}"
EndProject
Project("{9A19103F-16F7-4668-BE54-9A1E7A4F7556}") = "Tyuiu.ShanginAA.Sprint4.Task3.V17.Test", "Tyuiu.ShanginAA.Sprint4.Task3.V17.Test\Tyuiu.ShanginAA.Sprint4.Task3.V17.Test.csproj", "{0DEC13AA-99CE-4A1F-82C2-4EE99F25FDA8}"
EndProject
Project("{2150E333-8FDC-42A3-9474-1A3956D46DE8}") = "Task4", "Task4", "{AAE13709-C014-4176-AE29-9D72688ADB9E}"
EndProject
Project("{2150E333-8FDC-42A3-9474-1A3956D46DE8}") = "Task6", "Task6", "{FBAC3313-C005-469E-82FF-7C08B2E402A1}"
EndProject
Project("{2150E333-8FDC-42A3-9474-1A3956D46DE8}") = "Task7", "Task7", "{30B8DDF2-8AD4-4B5E-829E-30702DAE7032}"
EndProject
Project("{9A19103F-16F7-4668-BE54-9A1E7A4F7556}") = "Tyuiu.ShanginAA.Sprint4.Task4.V5", "Tyuiu.ShanginAA.Sprint4.Task4.V5\Tyuiu.ShanginAA.Sprint4.Task4.V5.csproj", "{95B88A95-353A-47A0-9209-DB52FFFAF2A1}"
EndProject
Project("{9A19103F-16F7-4668-BE54-9A1E7A4F7556}") = "Tyuiu.ShanginAA.Sprint4.Task4.V5.Lib", "Tyuiu.ShanginAA.Sprint4.Task4.V5.Lib\Tyuiu.ShanginAA.Sprint4.Task4.V5.Lib.csproj", "{9D71019A-87EE-45F9-BC14-E98BE56224BE}"
EndProject
Project("{9A19103F-16F7-4668-BE54-9A1E7A4F7556}") = "Tyuiu.ShanginAA.Sprint4.Task4.V5.Test", "Tyuiu.ShanginAA.Sprint4.Task4.V5.Test\Tyuiu.ShanginAA.Sprint4.Task4.V5.Test.csproj", "{5A006C43-83B2-492C-A466-62F5D74253CE}"
EndProject
Project("{9A19103F-16F7-4668-BE54-9A1E7A4F7556}") = "Tyuiu.ShanginAA.Sprint4.Task6.V22", "Tyuiu.ShanginAA.Sprint4.Task6.V22\Tyuiu.ShanginAA.Sprint4.Task6.V22.csproj", "{6A847421-D547-4058-AF69-25B021D4E72E}"
EndProject
Project("{9A19103F-16F7-4668-BE54-9A1E7A4F7556}") = "Tyuiu.ShanginAA.Sprint4.Task6.V22.Lib", "Tyuiu.ShanginAA.Sprint4.Task6.V22.Lib\Tyuiu.ShanginAA.Sprint4.Task6.V22.Lib.csproj", "{1BE80E0B-E826-4828-B2DA-FC748FE7F03F}"
EndProject
Project("{9A19103F-16F7-4668-BE54-9A1E7A4F7556}") = "Tyuiu.ShanginAA.Sprint4.Task6.V22.Test", "Tyuiu.ShanginAA.Sprint4.Task6.V22.Test\Tyuiu.ShanginAA.Sprint4.Task6.V22.Test.csproj", "{6455C0D4-BF69-4B42-96AD-5D183FE6CB6C}"
EndProject
Project("{2150E333-8FDC-42A3-9474-1A3956D46DE8}") = "Task5", "Task5", "{4C1C2AB7-67D3-473A-9A93-FAE002DB834A}"
EndProject
Project("{FAE04EC0-301F-11D3-BF4B-00C04F79EFBC}") = "Tyuiu.ShanginAA.Sprint4.Task5.V24", "Tyuiu.ShanginAA.Sprint4.Task5.V24\Tyuiu.ShanginAA.Sprint4.Task5.V24.csproj", "{3B93F522-8B7B-420C-A17F-032117B73FCC}"
EndProject
Project("{FAE04EC0-301F-11D3-BF4B-00C04F79EFBC}") = "Tyuiu.ShanginAA.Sprint4.Task5.V24.Lib", "Tyuiu.ShanginAA.Sprint4.Task5.V24.Lib\Tyuiu.ShanginAA.Sprint4.Task5.V24.Lib.csproj", "{FD219B59-AF75-4636-8159-6A7110DCAAFD}"
EndProject
Project("{FAE04EC0-301F-11D3-BF4B-00C04F79EFBC}") = "Tyuiu.ShanginAA.Sprint4.Task5.V24.Test", "Tyuiu.ShanginAA.Sprint4.Task5.V24.Test\Tyuiu.ShanginAA.Sprint4.Task5.V24.Test.csproj", "{BBF7C57E-433D-481F-A9A0-6FCA8077E514}"
EndProject
Global
	GlobalSection(SolutionConfigurationPlatforms) = preSolution
		Debug|Any CPU = Debug|Any CPU
		Release|Any CPU = Release|Any CPU
	EndGlobalSection
	GlobalSection(ProjectConfigurationPlatforms) = postSolution
		{6702A579-1318-429B-8880-EE2911F1D655}.Debug|Any CPU.ActiveCfg = Debug|Any CPU
		{6702A579-1318-429B-8880-EE2911F1D655}.Debug|Any CPU.Build.0 = Debug|Any CPU
		{6702A579-1318-429B-8880-EE2911F1D655}.Release|Any CPU.ActiveCfg = Release|Any CPU
		{6702A579-1318-429B-8880-EE2911F1D655}.Release|Any CPU.Build.0 = Release|Any CPU
		{A42479E0-2B86-47B0-951A-197245F35BEE}.Debug|Any CPU.ActiveCfg = Debug|Any CPU
		{A42479E0-2B86-47B0-951A-197245F35BEE}.Debug|Any CPU.Build.0 = Debug|Any CPU
		{A42479E0-2B86-47B0-951A-197245F35BEE}.Release|Any CPU.ActiveCfg = Release|Any CPU
		{A42479E0-2B86-47B0-951A-197245F35BEE}.Release|Any CPU.Build.0 = Release|Any CPU
		{F9D9D457-C0A0-4400-8DBC-D578A2F40B80}.Debug|Any CPU.ActiveCfg = Debug|Any CPU
		{F9D9D457-C0A0-4400-8DBC-D578A2F40B80}.Debug|Any CPU.Build.0 = Debug|Any CPU
		{F9D9D457-C0A0-4400-8DBC-D578A2F40B80}.Release|Any CPU.ActiveCfg = Release|Any CPU
		{F9D9D457-C0A0-4400-8DBC-D578A2F40B80}.Release|Any CPU.Build.0 = Release|Any CPU
		{6E538485-FB51-4C80-85D0-0115D5A9E1A7}.Debug|Any CPU.ActiveCfg = Debug|Any CPU
		{6E538485-FB51-4C80-85D0-0115D5A9E1A7}.Debug|Any CPU.Build.0 = Debug|Any CPU
		{6E538485-FB51-4C80-85D0-0115D5A9E1A7}.Release|Any CPU.ActiveCfg = Release|Any CPU
		{6E538485-FB51-4C80-85D0-0115D5A9E1A7}.Release|Any CPU.Build.0 = Release|Any CPU
		{BC018FB8-D38B-42D5-92D6-14A5F530D912}.Debug|Any CPU.ActiveCfg = Debug|Any CPU
		{BC018FB8-D38B-42D5-92D6-14A5F530D912}.Debug|Any CPU.Build.0 = Debug|Any CPU
		{BC018FB8-D38B-42D5-92D6-14A5F530D912}.Release|Any CPU.ActiveCfg = Release|Any CPU
		{BC018FB8-D38B-42D5-92D6-14A5F530D912}.Release|Any CPU.Build.0 = Release|Any CPU
		{CD0F5AC7-F888-479E-A15A-F014E8B21EE2}.Debug|Any CPU.ActiveCfg = Debug|Any CPU
		{CD0F5AC7-F888-479E-A15A-F014E8B21EE2}.Debug|Any CPU.Build.0 = Debug|Any CPU
		{CD0F5AC7-F888-479E-A15A-F014E8B21EE2}.Release|Any CPU.ActiveCfg = Release|Any CPU
		{CD0F5AC7-F888-479E-A15A-F014E8B21EE2}.Release|Any CPU.Build.0 = Release|Any CPU
		{4EA10483-9615-438D-9916-EBCB74DA6822}.Debug|Any CPU.ActiveCfg = Debug|Any CPU
		{4EA10483-9615-438D-9916-EBCB74DA6822}.Debug|Any CPU.Build.0 = Debug|Any CPU
		{4EA10483-9615-438D-9916-EBCB74DA6822}.Release|Any CPU.ActiveCfg = Release|Any CPU
		{4EA10483-9615-438D-9916-EBCB74DA6822}.Release|Any CPU.Build.0 = Release|Any CPU
		{CDD509DA-02B1-4894-951C-CAF6D025B675}.Debug|Any CPU.ActiveCfg = Debug|Any CPU
		{CDD509DA-02B1-4894-951C-CAF6D025B675}.Debug|Any CPU.Build.0 = Debug|Any CPU
		{CDD509DA-02B1-4894-951C-CAF6D025B675}.Release|Any CPU.ActiveCfg = Release|Any CPU
		{CDD509DA-02B1-4894-951C-CAF6D025B675}.Release|Any CPU.Build.0 = Release|Any CPU
		{3DE12960-56DB-4AF8-A9B9-8E0D47EFBBC4}.Debug|Any CPU.ActiveCfg = Debug|Any CPU
		{3DE12960-56DB-4AF8-A9B9-8E0D47EFBBC4}.Debug|Any CPU.Build.0 = Debug|Any CPU
		{3DE12960-56DB-4AF8-A9B9-8E0D47EFBBC4}.Release|Any CPU.ActiveCfg = Release|Any CPU
		{3DE12960-56DB-4AF8-A9B9-8E0D47EFBBC4}.Release|Any CPU.Build.0 = Release|Any CPU
		{01DA56F5-DCF1-47A4-92A6-687F4645E665}.Debug|Any CPU.ActiveCfg = Debug|Any CPU
		{01DA56F5-DCF1-47A4-92A6-687F4645E665}.Debug|Any CPU.Build.0 = Debug|Any CPU
		{01DA56F5-DCF1-47A4-92A6-687F4645E665}.Release|Any CPU.ActiveCfg = Release|Any CPU
		{01DA56F5-DCF1-47A4-92A6-687F4645E665}.Release|Any CPU.Build.0 = Release|Any CPU
		{A67F240A-1AD0-4A6A-B7BA-9645F2B90E75}.Debug|Any CPU.ActiveCfg = Debug|Any CPU
		{A67F240A-1AD0-4A6A-B7BA-9645F2B90E75}.Debug|Any CPU.Build.0 = Debug|Any CPU
		{A67F240A-1AD0-4A6A-B7BA-9645F2B90E75}.Release|Any CPU.ActiveCfg = Release|Any CPU
		{A67F240A-1AD0-4A6A-B7BA-9645F2B90E75}.Release|Any CPU.Build.0 = Release|Any CPU
		{0DEC13AA-99CE-4A1F-82C2-4EE99F25FDA8}.Debug|Any CPU.ActiveCfg = Debug|Any CPU
		{0DEC13AA-99CE-4A1F-82C2-4EE99F25FDA8}.Debug|Any CPU.Build.0 = Debug|Any CPU
		{0DEC13AA-99CE-4A1F-82C2-4EE99F25FDA8}.Release|Any CPU.ActiveCfg = Release|Any CPU
		{0DEC13AA-99CE-4A1F-82C2-4EE99F25FDA8}.Release|Any CPU.Build.0 = Release|Any CPU
		{95B88A95-353A-47A0-9209-DB52FFFAF2A1}.Debug|Any CPU.ActiveCfg = Debug|Any CPU
		{95B88A95-353A-47A0-9209-DB52FFFAF2A1}.Debug|Any CPU.Build.0 = Debug|Any CPU
		{95B88A95-353A-47A0-9209-DB52FFFAF2A1}.Release|Any CPU.ActiveCfg = Release|Any CPU
		{95B88A95-353A-47A0-9209-DB52FFFAF2A1}.Release|Any CPU.Build.0 = Release|Any CPU
		{9D71019A-87EE-45F9-BC14-E98BE56224BE}.Debug|Any CPU.ActiveCfg = Debug|Any CPU
		{9D71019A-87EE-45F9-BC14-E98BE56224BE}.Debug|Any CPU.Build.0 = Debug|Any CPU
		{9D71019A-87EE-45F9-BC14-E98BE56224BE}.Release|Any CPU.ActiveCfg = Release|Any CPU
		{9D71019A-87EE-45F9-BC14-E98BE56224BE}.Release|Any CPU.Build.0 = Release|Any CPU
		{5A006C43-83B2-492C-A466-62F5D74253CE}.Debug|Any CPU.ActiveCfg = Debug|Any CPU
		{5A006C43-83B2-492C-A466-62F5D74253CE}.Debug|Any CPU.Build.0 = Debug|Any CPU
		{5A006C43-83B2-492C-A466-62F5D74253CE}.Release|Any CPU.ActiveCfg = Release|Any CPU
		{5A006C43-83B2-492C-A466-62F5D74253CE}.Release|Any CPU.Build.0 = Release|Any CPU
		{6A847421-D547-4058-AF69-25B021D4E72E}.Debug|Any CPU.ActiveCfg = Debug|Any CPU
		{6A847421-D547-4058-AF69-25B021D4E72E}.Debug|Any CPU.Build.0 = Debug|Any CPU
		{6A847421-D547-4058-AF69-25B021D4E72E}.Release|Any CPU.ActiveCfg = Release|Any CPU
		{6A847421-D547-4058-AF69-25B021D4E72E}.Release|Any CPU.Build.0 = Release|Any CPU
		{1BE80E0B-E826-4828-B2DA-FC748FE7F03F}.Debug|Any CPU.ActiveCfg = Debug|Any CPU
		{1BE80E0B-E826-4828-B2DA-FC748FE7F03F}.Debug|Any CPU.Build.0 = Debug|Any CPU
		{1BE80E0B-E826-4828-B2DA-FC748FE7F03F}.Release|Any CPU.ActiveCfg = Release|Any CPU
		{1BE80E0B-E826-4828-B2DA-FC748FE7F03F}.Release|Any CPU.Build.0 = Release|Any CPU
		{6455C0D4-BF69-4B42-96AD-5D183FE6CB6C}.Debug|Any CPU.ActiveCfg = Debug|Any CPU
		{6455C0D4-BF69-4B42-96AD-5D183FE6CB6C}.Debug|Any CPU.Build.0 = Debug|Any CPU
		{6455C0D4-BF69-4B42-96AD-5D183FE6CB6C}.Release|Any CPU.ActiveCfg = Release|Any CPU
		{6455C0D4-BF69-4B42-96AD-5D183FE6CB6C}.Release|Any CPU.Build.0 = Release|Any CPU
		{3B93F522-8B7B-420C-A17F-032117B73FCC}.Debug|Any CPU.ActiveCfg = Debug|Any CPU
		{3B93F522-8B7B-420C-A17F-032117B73FCC}.Debug|Any CPU.Build.0 = Debug|Any CPU
		{3B93F522-8B7B-420C-A17F-032117B73FCC}.Release|Any CPU.ActiveCfg = Release|Any CPU
		{3B93F522-8B7B-420C-A17F-032117B73FCC}.Release|Any CPU.Build.0 = Release|Any CPU
		{FD219B59-AF75-4636-8159-6A7110DCAAFD}.Debug|Any CPU.ActiveCfg = Debug|Any CPU
		{FD219B59-AF75-4636-8159-6A7110DCAAFD}.Debug|Any CPU.Build.0 = Debug|Any CPU
		{FD219B59-AF75-4636-8159-6A7110DCAAFD}.Release|Any CPU.ActiveCfg = Release|Any CPU
		{FD219B59-AF75-4636-8159-6A7110DCAAFD}.Release|Any CPU.Build.0 = Release|Any CPU
		{BBF7C57E-433D-481F-A9A0-6FCA8077E514}.Debug|Any CPU.ActiveCfg = Debug|Any CPU
		{BBF7C57E-433D-481F-A9A0-6FCA8077E514}.Debug|Any CPU.Build.0 = Debug|Any CPU
		{BBF7C57E-433D-481F-A9A0-6FCA8077E514}.Release|Any CPU.ActiveCfg = Release|Any CPU
		{BBF7C57E-433D-481F-A9A0-6FCA8077E514}.Release|Any CPU.Build.0 = Release|Any CPU
	EndGlobalSection
	GlobalSection(SolutionProperties) = preSolution
		HideSolutionNode = FALSE
	EndGlobalSection
	GlobalSection(NestedProjects) = preSolution
		{6702A579-1318-429B-8880-EE2911F1D655} = {847CF9E6-F47E-4E0F-B4D0-8E139B32C821}
		{A42479E0-2B86-47B0-951A-197245F35BEE} = {847CF9E6-F47E-4E0F-B4D0-8E139B32C821}
		{F9D9D457-C0A0-4400-8DBC-D578A2F40B80} = {847CF9E6-F47E-4E0F-B4D0-8E139B32C821}
		{6E538485-FB51-4C80-85D0-0115D5A9E1A7} = {D53533EA-735B-4FD8-B184-2AD7FCADCCD3}
		{BC018FB8-D38B-42D5-92D6-14A5F530D912} = {D53533EA-735B-4FD8-B184-2AD7FCADCCD3}
		{CD0F5AC7-F888-479E-A15A-F014E8B21EE2} = {D53533EA-735B-4FD8-B184-2AD7FCADCCD3}
		{4EA10483-9615-438D-9916-EBCB74DA6822} = {4C97854E-0059-4EDA-9D6C-849223E12B5A}
		{CDD509DA-02B1-4894-951C-CAF6D025B675} = {4C97854E-0059-4EDA-9D6C-849223E12B5A}
		{3DE12960-56DB-4AF8-A9B9-8E0D47EFBBC4} = {4C97854E-0059-4EDA-9D6C-849223E12B5A}
		{01DA56F5-DCF1-47A4-92A6-687F4645E665} = {B1D064CD-30EC-47DE-8E0E-D9B18250B9A2}
		{A67F240A-1AD0-4A6A-B7BA-9645F2B90E75} = {B1D064CD-30EC-47DE-8E0E-D9B18250B9A2}
		{0DEC13AA-99CE-4A1F-82C2-4EE99F25FDA8} = {B1D064CD-30EC-47DE-8E0E-D9B18250B9A2}
		{95B88A95-353A-47A0-9209-DB52FFFAF2A1} = {AAE13709-C014-4176-AE29-9D72688ADB9E}
		{9D71019A-87EE-45F9-BC14-E98BE56224BE} = {AAE13709-C014-4176-AE29-9D72688ADB9E}
		{5A006C43-83B2-492C-A466-62F5D74253CE} = {AAE13709-C014-4176-AE29-9D72688ADB9E}
		{6A847421-D547-4058-AF69-25B021D4E72E} = {FBAC3313-C005-469E-82FF-7C08B2E402A1}
		{1BE80E0B-E826-4828-B2DA-FC748FE7F03F} = {FBAC3313-C005-469E-82FF-7C08B2E402A1}
		{6455C0D4-BF69-4B42-96AD-5D183FE6CB6C} = {FBAC3313-C005-469E-82FF-7C08B2E402A1}
		{3B93F522-8B7B-420C-A17F-032117B73FCC} = {4C1C2AB7-67D3-473A-9A93-FAE002DB834A}
		{FD219B59-AF75-4636-8159-6A7110DCAAFD} = {4C1C2AB7-67D3-473A-9A93-FAE002DB834A}
		{BBF7C57E-433D-481F-A9A0-6FCA8077E514} = {4C1C2AB7-67D3-473A-9A93-FAE002DB834A}
	EndGlobalSection
	GlobalSection(ExtensibilityGlobals) = postSolution
		SolutionGuid = {FE5FEDF4-C408-4B93-B343-AF455BB49C57}
	EndGlobalSection
EndGlobal
